// !$*UTF8*$!
{
	archiveVersion = 1;
	classes = {
	};
	objectVersion = 56;
	objects = {

/* Begin PBXBuildFile section */
		85884846290A968900C0F6B7 /* UnsplashAPIManager.swift in Sources */ = {isa = PBXBuildFile; fileRef = 85884845290A968900C0F6B7 /* UnsplashAPIManager.swift */; };
		85884848290A97C300C0F6B7 /* PhotoModel.swift in Sources */ = {isa = PBXBuildFile; fileRef = 85884847290A97C300C0F6B7 /* PhotoModel.swift */; };
		8588484D290ACF3E00C0F6B7 /* SearchPhotoCollectionViewCell.swift in Sources */ = {isa = PBXBuildFile; fileRef = 8588484C290ACF3E00C0F6B7 /* SearchPhotoCollectionViewCell.swift */; };
		85884850290ACF5400C0F6B7 /* SnapKit in Frameworks */ = {isa = PBXBuildFile; productRef = 8588484F290ACF5400C0F6B7 /* SnapKit */; };
		85884854290AE4DC00C0F6B7 /* ImageDetailViewController.swift in Sources */ = {isa = PBXBuildFile; fileRef = 85884853290AE4DC00C0F6B7 /* ImageDetailViewController.swift */; };
		85884858290AE6BE00C0F6B7 /* ImageDetailViewModel.swift in Sources */ = {isa = PBXBuildFile; fileRef = 85884857290AE6BE00C0F6B7 /* ImageDetailViewModel.swift */; };
		85E5E887290809E500FF5DA4 /* AppDelegate.swift in Sources */ = {isa = PBXBuildFile; fileRef = 85E5E886290809E500FF5DA4 /* AppDelegate.swift */; };
		85E5E889290809E500FF5DA4 /* SceneDelegate.swift in Sources */ = {isa = PBXBuildFile; fileRef = 85E5E888290809E500FF5DA4 /* SceneDelegate.swift */; };
		85E5E88E290809E500FF5DA4 /* Main.storyboard in Resources */ = {isa = PBXBuildFile; fileRef = 85E5E88C290809E500FF5DA4 /* Main.storyboard */; };
		85E5E890290809E600FF5DA4 /* Assets.xcassets in Resources */ = {isa = PBXBuildFile; fileRef = 85E5E88F290809E600FF5DA4 /* Assets.xcassets */; };
		85E5E893290809E600FF5DA4 /* LaunchScreen.storyboard in Resources */ = {isa = PBXBuildFile; fileRef = 85E5E891290809E600FF5DA4 /* LaunchScreen.storyboard */; };
		85E5E89E29080C3800FF5DA4 /* ImageListViewModel.swift in Sources */ = {isa = PBXBuildFile; fileRef = 85E5E89D29080C3800FF5DA4 /* ImageListViewModel.swift */; };
		85E5E8A129081A8800FF5DA4 /* .gitignore in Resources */ = {isa = PBXBuildFile; fileRef = 85E5E8A029081A8800FF5DA4 /* .gitignore */; };
		85E5E8A429081AB100FF5DA4 /* APIKey.swift in Sources */ = {isa = PBXBuildFile; fileRef = 85E5E8A329081AB000FF5DA4 /* APIKey.swift */; };
		85E5E8AB29081C6000FF5DA4 /* Alamofire in Frameworks */ = {isa = PBXBuildFile; productRef = 85E5E8AA29081C6000FF5DA4 /* Alamofire */; };
		85E5E8B42908237100FF5DA4 /* RxCocoa in Frameworks */ = {isa = PBXBuildFile; productRef = 85E5E8B32908237100FF5DA4 /* RxCocoa */; };
		85E5E8B62908237100FF5DA4 /* RxSwift in Frameworks */ = {isa = PBXBuildFile; productRef = 85E5E8B52908237100FF5DA4 /* RxSwift */; };
		85E5E8C6290A7E5300FF5DA4 /* ImageListViewController.swift in Sources */ = {isa = PBXBuildFile; fileRef = 85E5E8C5290A7E5300FF5DA4 /* ImageListViewController.swift */; };
/* End PBXBuildFile section */

/* Begin PBXFileReference section */
		85884845290A968900C0F6B7 /* UnsplashAPIManager.swift */ = {isa = PBXFileReference; lastKnownFileType = sourcecode.swift; path = UnsplashAPIManager.swift; sourceTree = "<group>"; };
		85884847290A97C300C0F6B7 /* PhotoModel.swift */ = {isa = PBXFileReference; lastKnownFileType = sourcecode.swift; path = PhotoModel.swift; sourceTree = "<group>"; };
		8588484C290ACF3E00C0F6B7 /* SearchPhotoCollectionViewCell.swift */ = {isa = PBXFileReference; lastKnownFileType = sourcecode.swift; path = SearchPhotoCollectionViewCell.swift; sourceTree = "<group>"; };
		85884853290AE4DC00C0F6B7 /* ImageDetailViewController.swift */ = {isa = PBXFileReference; lastKnownFileType = sourcecode.swift; path = ImageDetailViewController.swift; sourceTree = "<group>"; };
		85884857290AE6BE00C0F6B7 /* ImageDetailViewModel.swift */ = {isa = PBXFileReference; lastKnownFileType = sourcecode.swift; path = ImageDetailViewModel.swift; sourceTree = "<group>"; };
		85E5E883290809E500FF5DA4 /* UnsplashMVVM.app */ = {isa = PBXFileReference; explicitFileType = wrapper.application; includeInIndex = 0; path = UnsplashMVVM.app; sourceTree = BUILT_PRODUCTS_DIR; };
		85E5E886290809E500FF5DA4 /* AppDelegate.swift */ = {isa = PBXFileReference; lastKnownFileType = sourcecode.swift; path = AppDelegate.swift; sourceTree = "<group>"; };
		85E5E888290809E500FF5DA4 /* SceneDelegate.swift */ = {isa = PBXFileReference; lastKnownFileType = sourcecode.swift; path = SceneDelegate.swift; sourceTree = "<group>"; };
		85E5E88D290809E500FF5DA4 /* Base */ = {isa = PBXFileReference; lastKnownFileType = file.storyboard; name = Base; path = Base.lproj/Main.storyboard; sourceTree = "<group>"; };
		85E5E88F290809E600FF5DA4 /* Assets.xcassets */ = {isa = PBXFileReference; lastKnownFileType = folder.assetcatalog; path = Assets.xcassets; sourceTree = "<group>"; };
		85E5E892290809E600FF5DA4 /* Base */ = {isa = PBXFileReference; lastKnownFileType = file.storyboard; name = Base; path = Base.lproj/LaunchScreen.storyboard; sourceTree = "<group>"; };
		85E5E894290809E600FF5DA4 /* Info.plist */ = {isa = PBXFileReference; lastKnownFileType = text.plist.xml; path = Info.plist; sourceTree = "<group>"; };
		85E5E89D29080C3800FF5DA4 /* ImageListViewModel.swift */ = {isa = PBXFileReference; lastKnownFileType = sourcecode.swift; path = ImageListViewModel.swift; sourceTree = "<group>"; };
		85E5E8A029081A8800FF5DA4 /* .gitignore */ = {isa = PBXFileReference; lastKnownFileType = text; path = .gitignore; sourceTree = "<group>"; };
		85E5E8A329081AB000FF5DA4 /* APIKey.swift */ = {isa = PBXFileReference; lastKnownFileType = sourcecode.swift; path = APIKey.swift; sourceTree = "<group>"; };
		85E5E8C5290A7E5300FF5DA4 /* ImageListViewController.swift */ = {isa = PBXFileReference; lastKnownFileType = sourcecode.swift; path = ImageListViewController.swift; sourceTree = "<group>"; };
/* End PBXFileReference section */

/* Begin PBXFrameworksBuildPhase section */
		85E5E880290809E500FF5DA4 /* Frameworks */ = {
			isa = PBXFrameworksBuildPhase;
			buildActionMask = 2147483647;
			files = (
				85E5E8B62908237100FF5DA4 /* RxSwift in Frameworks */,
				85884850290ACF5400C0F6B7 /* SnapKit in Frameworks */,
				85E5E8B42908237100FF5DA4 /* RxCocoa in Frameworks */,
				85E5E8AB29081C6000FF5DA4 /* Alamofire in Frameworks */,
			);
			runOnlyForDeploymentPostprocessing = 0;
		};
/* End PBXFrameworksBuildPhase section */

/* Begin PBXGroup section */
		85884851290AE49500C0F6B7 /* Presentation */ = {
			isa = PBXGroup;
			children = (
				85884852290AE4AC00C0F6B7 /* ImageDetail */,
				85E5E89A29080BBF00FF5DA4 /* ImageList */,
			);
			path = Presentation;
			sourceTree = "<group>";
		};
		85884852290AE4AC00C0F6B7 /* ImageDetail */ = {
			isa = PBXGroup;
			children = (
				85884856290AE54700C0F6B7 /* ViewModel */,
				85884855290AE54000C0F6B7 /* View */,
			);
			path = ImageDetail;
			sourceTree = "<group>";
		};
		85884855290AE54000C0F6B7 /* View */ = {
			isa = PBXGroup;
			children = (
				85884853290AE4DC00C0F6B7 /* ImageDetailViewController.swift */,
			);
			path = View;
			sourceTree = "<group>";
		};
		85884856290AE54700C0F6B7 /* ViewModel */ = {
			isa = PBXGroup;
			children = (
				85884857290AE6BE00C0F6B7 /* ImageDetailViewModel.swift */,
			);
			path = ViewModel;
			sourceTree = "<group>";
		};
		85E5E87A290809E500FF5DA4 = {
			isa = PBXGroup;
			children = (
				85E5E8A029081A8800FF5DA4 /* .gitignore */,
				85E5E885290809E500FF5DA4 /* UnsplashMVVM */,
				85E5E884290809E500FF5DA4 /* Products */,
			);
			sourceTree = "<group>";
		};
		85E5E884290809E500FF5DA4 /* Products */ = {
			isa = PBXGroup;
			children = (
				85E5E883290809E500FF5DA4 /* UnsplashMVVM.app */,
			);
			name = Products;
			sourceTree = "<group>";
		};
		85E5E885290809E500FF5DA4 /* UnsplashMVVM */ = {
			isa = PBXGroup;
			children = (
				85884851290AE49500C0F6B7 /* Presentation */,
				85E5E8C7290A88DD00FF5DA4 /* Application */,
				85E5E8A529081B0300FF5DA4 /* Network */,
				85E5E8A229081AA500FF5DA4 /* APIKey */,
				85E5E88C290809E500FF5DA4 /* Main.storyboard */,
				85E5E88F290809E600FF5DA4 /* Assets.xcassets */,
				85E5E891290809E600FF5DA4 /* LaunchScreen.storyboard */,
				85E5E894290809E600FF5DA4 /* Info.plist */,
			);
			path = UnsplashMVVM;
			sourceTree = "<group>";
		};
		85E5E89A29080BBF00FF5DA4 /* ImageList */ = {
			isa = PBXGroup;
			children = (
				85E5E89C29080BE000FF5DA4 /* ViewModel */,
				85E5E89B29080BD900FF5DA4 /* View */,
			);
			path = ImageList;
			sourceTree = "<group>";
		};
		85E5E89B29080BD900FF5DA4 /* View */ = {
			isa = PBXGroup;
			children = (
				85E5E8C5290A7E5300FF5DA4 /* ImageListViewController.swift */,
				8588484C290ACF3E00C0F6B7 /* SearchPhotoCollectionViewCell.swift */,
			);
			path = View;
			sourceTree = "<group>";
		};
		85E5E89C29080BE000FF5DA4 /* ViewModel */ = {
			isa = PBXGroup;
			children = (
				85E5E89D29080C3800FF5DA4 /* ImageListViewModel.swift */,
			);
			path = ViewModel;
			sourceTree = "<group>";
		};
		85E5E8A229081AA500FF5DA4 /* APIKey */ = {
			isa = PBXGroup;
			children = (
				85E5E8A329081AB000FF5DA4 /* APIKey.swift */,
			);
			path = APIKey;
			sourceTree = "<group>";
		};
		85E5E8A529081B0300FF5DA4 /* Network */ = {
			isa = PBXGroup;
			children = (
				85E5E8A829081BB800FF5DA4 /* Model */,
				85884845290A968900C0F6B7 /* UnsplashAPIManager.swift */,
			);
			path = Network;
			sourceTree = "<group>";
		};
		85E5E8A829081BB800FF5DA4 /* Model */ = {
			isa = PBXGroup;
			children = (
				85884847290A97C300C0F6B7 /* PhotoModel.swift */,
			);
			path = Model;
			sourceTree = "<group>";
		};
		85E5E8C7290A88DD00FF5DA4 /* Application */ = {
			isa = PBXGroup;
			children = (
				85E5E886290809E500FF5DA4 /* AppDelegate.swift */,
				85E5E888290809E500FF5DA4 /* SceneDelegate.swift */,
			);
			path = Application;
			sourceTree = "<group>";
		};
/* End PBXGroup section */

/* Begin PBXNativeTarget section */
		85E5E882290809E500FF5DA4 /* UnsplashMVVM */ = {
			isa = PBXNativeTarget;
			buildConfigurationList = 85E5E897290809E600FF5DA4 /* Build configuration list for PBXNativeTarget "UnsplashMVVM" */;
			buildPhases = (
				85E5E87F290809E500FF5DA4 /* Sources */,
				85E5E880290809E500FF5DA4 /* Frameworks */,
				85E5E881290809E500FF5DA4 /* Resources */,
			);
			buildRules = (
			);
			dependencies = (
			);
			name = UnsplashMVVM;
			packageProductDependencies = (
				85E5E8AA29081C6000FF5DA4 /* Alamofire */,
				85E5E8B32908237100FF5DA4 /* RxCocoa */,
				85E5E8B52908237100FF5DA4 /* RxSwift */,
				8588484F290ACF5400C0F6B7 /* SnapKit */,
			);
			productName = UnsplashMVVM;
			productReference = 85E5E883290809E500FF5DA4 /* UnsplashMVVM.app */;
			productType = "com.apple.product-type.application";
		};
/* End PBXNativeTarget section */

/* Begin PBXProject section */
		85E5E87B290809E500FF5DA4 /* Project object */ = {
			isa = PBXProject;
			attributes = {
				BuildIndependentTargetsInParallel = 1;
				LastSwiftUpdateCheck = 1410;
				LastUpgradeCheck = 1410;
				TargetAttributes = {
					85E5E882290809E500FF5DA4 = {
						CreatedOnToolsVersion = 14.1;
					};
				};
			};
			buildConfigurationList = 85E5E87E290809E500FF5DA4 /* Build configuration list for PBXProject "UnsplashMVVM" */;
			compatibilityVersion = "Xcode 14.0";
			developmentRegion = en;
			hasScannedForEncodings = 0;
			knownRegions = (
				en,
				Base,
			);
			mainGroup = 85E5E87A290809E500FF5DA4;
			packageReferences = (
				85E5E8A929081C6000FF5DA4 /* XCRemoteSwiftPackageReference "Alamofire" */,
				85E5E8B22908237100FF5DA4 /* XCRemoteSwiftPackageReference "RxSwift" */,
				8588484E290ACF5400C0F6B7 /* XCRemoteSwiftPackageReference "SnapKit" */,
			);
			productRefGroup = 85E5E884290809E500FF5DA4 /* Products */;
			projectDirPath = "";
			projectRoot = "";
			targets = (
				85E5E882290809E500FF5DA4 /* UnsplashMVVM */,
			);
		};
/* End PBXProject section */

/* Begin PBXResourcesBuildPhase section */
		85E5E881290809E500FF5DA4 /* Resources */ = {
			isa = PBXResourcesBuildPhase;
			buildActionMask = 2147483647;
			files = (
				85E5E8A129081A8800FF5DA4 /* .gitignore in Resources */,
				85E5E893290809E600FF5DA4 /* LaunchScreen.storyboard in Resources */,
				85E5E890290809E600FF5DA4 /* Assets.xcassets in Resources */,
				85E5E88E290809E500FF5DA4 /* Main.storyboard in Resources */,
			);
			runOnlyForDeploymentPostprocessing = 0;
		};
/* End PBXResourcesBuildPhase section */

/* Begin PBXSourcesBuildPhase section */
		85E5E87F290809E500FF5DA4 /* Sources */ = {
			isa = PBXSourcesBuildPhase;
			buildActionMask = 2147483647;
			files = (
				85E5E887290809E500FF5DA4 /* AppDelegate.swift in Sources */,
				85E5E89E29080C3800FF5DA4 /* ImageListViewModel.swift in Sources */,
				85884846290A968900C0F6B7 /* UnsplashAPIManager.swift in Sources */,
				85E5E889290809E500FF5DA4 /* SceneDelegate.swift in Sources */,
				85E5E8C6290A7E5300FF5DA4 /* ImageListViewController.swift in Sources */,
				85884858290AE6BE00C0F6B7 /* ImageDetailViewModel.swift in Sources */,
				8588484D290ACF3E00C0F6B7 /* SearchPhotoCollectionViewCell.swift in Sources */,
				85E5E8A429081AB100FF5DA4 /* APIKey.swift in Sources */,
				85884854290AE4DC00C0F6B7 /* ImageDetailViewController.swift in Sources */,
				85884848290A97C300C0F6B7 /* PhotoModel.swift in Sources */,
			);
			runOnlyForDeploymentPostprocessing = 0;
		};
/* End PBXSourcesBuildPhase section */

/* Begin PBXVariantGroup section */
		85E5E88C290809E500FF5DA4 /* Main.storyboard */ = {
			isa = PBXVariantGroup;
			children = (
				85E5E88D290809E500FF5DA4 /* Base */,
			);
			name = Main.storyboard;
			sourceTree = "<group>";
		};
		85E5E891290809E600FF5DA4 /* LaunchScreen.storyboard */ = {
			isa = PBXVariantGroup;
			children = (
				85E5E892290809E600FF5DA4 /* Base */,
			);
			name = LaunchScreen.storyboard;
			sourceTree = "<group>";
		};
/* End PBXVariantGroup section */

/* Begin XCBuildConfiguration section */
		85E5E895290809E600FF5DA4 /* Debug */ = {
			isa = XCBuildConfiguration;
			buildSettings = {
				ALWAYS_SEARCH_USER_PATHS = NO;
				CLANG_ANALYZER_NONNULL = YES;
				CLANG_ANALYZER_NUMBER_OBJECT_CONVERSION = YES_AGGRESSIVE;
				CLANG_CXX_LANGUAGE_STANDARD = "gnu++20";
				CLANG_ENABLE_MODULES = YES;
				CLANG_ENABLE_OBJC_ARC = YES;
				CLANG_ENABLE_OBJC_WEAK = YES;
				CLANG_WARN_BLOCK_CAPTURE_AUTORELEASING = YES;
				CLANG_WARN_BOOL_CONVERSION = YES;
				CLANG_WARN_COMMA = YES;
				CLANG_WARN_CONSTANT_CONVERSION = YES;
				CLANG_WARN_DEPRECATED_OBJC_IMPLEMENTATIONS = YES;
				CLANG_WARN_DIRECT_OBJC_ISA_USAGE = YES_ERROR;
				CLANG_WARN_DOCUMENTATION_COMMENTS = YES;
				CLANG_WARN_EMPTY_BODY = YES;
				CLANG_WARN_ENUM_CONVERSION = YES;
				CLANG_WARN_INFINITE_RECURSION = YES;
				CLANG_WARN_INT_CONVERSION = YES;
				CLANG_WARN_NON_LITERAL_NULL_CONVERSION = YES;
				CLANG_WARN_OBJC_IMPLICIT_RETAIN_SELF = YES;
				CLANG_WARN_OBJC_LITERAL_CONVERSION = YES;
				CLANG_WARN_OBJC_ROOT_CLASS = YES_ERROR;
				CLANG_WARN_QUOTED_INCLUDE_IN_FRAMEWORK_HEADER = YES;
				CLANG_WARN_RANGE_LOOP_ANALYSIS = YES;
				CLANG_WARN_STRICT_PROTOTYPES = YES;
				CLANG_WARN_SUSPICIOUS_MOVE = YES;
				CLANG_WARN_UNGUARDED_AVAILABILITY = YES_AGGRESSIVE;
				CLANG_WARN_UNREACHABLE_CODE = YES;
				CLANG_WARN__DUPLICATE_METHOD_MATCH = YES;
				COPY_PHASE_STRIP = NO;
				DEBUG_INFORMATION_FORMAT = dwarf;
				ENABLE_STRICT_OBJC_MSGSEND = YES;
				ENABLE_TESTABILITY = YES;
				GCC_C_LANGUAGE_STANDARD = gnu11;
				GCC_DYNAMIC_NO_PIC = NO;
				GCC_NO_COMMON_BLOCKS = YES;
				GCC_OPTIMIZATION_LEVEL = 0;
				GCC_PREPROCESSOR_DEFINITIONS = (
					"DEBUG=1",
					"$(inherited)",
				);
				GCC_WARN_64_TO_32_BIT_CONVERSION = YES;
				GCC_WARN_ABOUT_RETURN_TYPE = YES_ERROR;
				GCC_WARN_UNDECLARED_SELECTOR = YES;
				GCC_WARN_UNINITIALIZED_AUTOS = YES_AGGRESSIVE;
				GCC_WARN_UNUSED_FUNCTION = YES;
				GCC_WARN_UNUSED_VARIABLE = YES;
				IPHONEOS_DEPLOYMENT_TARGET = 16.1;
				MTL_ENABLE_DEBUG_INFO = INCLUDE_SOURCE;
				MTL_FAST_MATH = YES;
				ONLY_ACTIVE_ARCH = YES;
				SDKROOT = iphoneos;
				SWIFT_ACTIVE_COMPILATION_CONDITIONS = DEBUG;
				SWIFT_OPTIMIZATION_LEVEL = "-Onone";
			};
			name = Debug;
		};
		85E5E896290809E600FF5DA4 /* Release */ = {
			isa = XCBuildConfiguration;
			buildSettings = {
				ALWAYS_SEARCH_USER_PATHS = NO;
				CLANG_ANALYZER_NONNULL = YES;
				CLANG_ANALYZER_NUMBER_OBJECT_CONVERSION = YES_AGGRESSIVE;
				CLANG_CXX_LANGUAGE_STANDARD = "gnu++20";
				CLANG_ENABLE_MODULES = YES;
				CLANG_ENABLE_OBJC_ARC = YES;
				CLANG_ENABLE_OBJC_WEAK = YES;
				CLANG_WARN_BLOCK_CAPTURE_AUTORELEASING = YES;
				CLANG_WARN_BOOL_CONVERSION = YES;
				CLANG_WARN_COMMA = YES;
				CLANG_WARN_CONSTANT_CONVERSION = YES;
				CLANG_WARN_DEPRECATED_OBJC_IMPLEMENTATIONS = YES;
				CLANG_WARN_DIRECT_OBJC_ISA_USAGE = YES_ERROR;
				CLANG_WARN_DOCUMENTATION_COMMENTS = YES;
				CLANG_WARN_EMPTY_BODY = YES;
				CLANG_WARN_ENUM_CONVERSION = YES;
				CLANG_WARN_INFINITE_RECURSION = YES;
				CLANG_WARN_INT_CONVERSION = YES;
				CLANG_WARN_NON_LITERAL_NULL_CONVERSION = YES;
				CLANG_WARN_OBJC_IMPLICIT_RETAIN_SELF = YES;
				CLANG_WARN_OBJC_LITERAL_CONVERSION = YES;
				CLANG_WARN_OBJC_ROOT_CLASS = YES_ERROR;
				CLANG_WARN_QUOTED_INCLUDE_IN_FRAMEWORK_HEADER = YES;
				CLANG_WARN_RANGE_LOOP_ANALYSIS = YES;
				CLANG_WARN_STRICT_PROTOTYPES = YES;
				CLANG_WARN_SUSPICIOUS_MOVE = YES;
				CLANG_WARN_UNGUARDED_AVAILABILITY = YES_AGGRESSIVE;
				CLANG_WARN_UNREACHABLE_CODE = YES;
				CLANG_WARN__DUPLICATE_METHOD_MATCH = YES;
				COPY_PHASE_STRIP = NO;
				DEBUG_INFORMATION_FORMAT = "dwarf-with-dsym";
				ENABLE_NS_ASSERTIONS = NO;
				ENABLE_STRICT_OBJC_MSGSEND = YES;
				GCC_C_LANGUAGE_STANDARD = gnu11;
				GCC_NO_COMMON_BLOCKS = YES;
				GCC_WARN_64_TO_32_BIT_CONVERSION = YES;
				GCC_WARN_ABOUT_RETURN_TYPE = YES_ERROR;
				GCC_WARN_UNDECLARED_SELECTOR = YES;
				GCC_WARN_UNINITIALIZED_AUTOS = YES_AGGRESSIVE;
				GCC_WARN_UNUSED_FUNCTION = YES;
				GCC_WARN_UNUSED_VARIABLE = YES;
				IPHONEOS_DEPLOYMENT_TARGET = 16.1;
				MTL_ENABLE_DEBUG_INFO = NO;
				MTL_FAST_MATH = YES;
				SDKROOT = iphoneos;
				SWIFT_COMPILATION_MODE = wholemodule;
				SWIFT_OPTIMIZATION_LEVEL = "-O";
				VALIDATE_PRODUCT = YES;
			};
			name = Release;
		};
		85E5E898290809E600FF5DA4 /* Debug */ = {
			isa = XCBuildConfiguration;
			buildSettings = {
				ASSETCATALOG_COMPILER_APPICON_NAME = AppIcon;
				ASSETCATALOG_COMPILER_GLOBAL_ACCENT_COLOR_NAME = AccentColor;
				CODE_SIGN_STYLE = Automatic;
				CURRENT_PROJECT_VERSION = 1;
				DEVELOPMENT_TEAM = 3K4KWAG7KD;
				GENERATE_INFOPLIST_FILE = YES;
				INFOPLIST_FILE = UnsplashMVVM/Info.plist;
				INFOPLIST_KEY_UIApplicationSupportsIndirectInputEvents = YES;
				INFOPLIST_KEY_UILaunchStoryboardName = LaunchScreen;
				INFOPLIST_KEY_UIMainStoryboardFile = Main;
				INFOPLIST_KEY_UISupportedInterfaceOrientations = UIInterfaceOrientationPortrait;
				INFOPLIST_KEY_UISupportedInterfaceOrientations_iPad = "UIInterfaceOrientationLandscapeRight UIInterfaceOrientationPortrait";
				LD_RUNPATH_SEARCH_PATHS = (
					"$(inherited)",
					"@executable_path/Frameworks",
				);
				MARKETING_VERSION = 1.0;
				PRODUCT_BUNDLE_IDENTIFIER = com.hano.UnsplashMVVM;
				PRODUCT_NAME = "$(TARGET_NAME)";
				SUPPORTED_PLATFORMS = "iphoneos iphonesimulator";
				SUPPORTS_MACCATALYST = NO;
				SUPPORTS_MAC_DESIGNED_FOR_IPHONE_IPAD = NO;
				SWIFT_EMIT_LOC_STRINGS = YES;
				SWIFT_VERSION = 5.0;
				TARGETED_DEVICE_FAMILY = 1;
			};
			name = Debug;
		};
		85E5E899290809E600FF5DA4 /* Release */ = {
			isa = XCBuildConfiguration;
			buildSettings = {
				ASSETCATALOG_COMPILER_APPICON_NAME = AppIcon;
				ASSETCATALOG_COMPILER_GLOBAL_ACCENT_COLOR_NAME = AccentColor;
				CODE_SIGN_STYLE = Automatic;
				CURRENT_PROJECT_VERSION = 1;
				DEVELOPMENT_TEAM = 3K4KWAG7KD;
				GENERATE_INFOPLIST_FILE = YES;
				INFOPLIST_FILE = UnsplashMVVM/Info.plist;
				INFOPLIST_KEY_UIApplicationSupportsIndirectInputEvents = YES;
				INFOPLIST_KEY_UILaunchStoryboardName = LaunchScreen;
				INFOPLIST_KEY_UIMainStoryboardFile = Main;
				INFOPLIST_KEY_UISupportedInterfaceOrientations = UIInterfaceOrientationPortrait;
				INFOPLIST_KEY_UISupportedInterfaceOrientations_iPad = "UIInterfaceOrientationLandscapeRight UIInterfaceOrientationPortrait";
				LD_RUNPATH_SEARCH_PATHS = (
					"$(inherited)",
					"@executable_path/Frameworks",
				);
				MARKETING_VERSION = 1.0;
				PRODUCT_BUNDLE_IDENTIFIER = com.hano.UnsplashMVVM;
				PRODUCT_NAME = "$(TARGET_NAME)";
				SUPPORTED_PLATFORMS = "iphoneos iphonesimulator";
				SUPPORTS_MACCATALYST = NO;
				SUPPORTS_MAC_DESIGNED_FOR_IPHONE_IPAD = NO;
				SWIFT_EMIT_LOC_STRINGS = YES;
				SWIFT_VERSION = 5.0;
				TARGETED_DEVICE_FAMILY = 1;
			};
			name = Release;
		};
/* End XCBuildConfiguration section */

/* Begin XCConfigurationList section */
		85E5E87E290809E500FF5DA4 /* Build configuration list for PBXProject "UnsplashMVVM" */ = {
			isa = XCConfigurationList;
			buildConfigurations = (
				85E5E895290809E600FF5DA4 /* Debug */,
				85E5E896290809E600FF5DA4 /* Release */,
			);
			defaultConfigurationIsVisible = 0;
			defaultConfigurationName = Release;
		};
		85E5E897290809E600FF5DA4 /* Build configuration list for PBXNativeTarget "UnsplashMVVM" */ = {
			isa = XCConfigurationList;
			buildConfigurations = (
				85E5E898290809E600FF5DA4 /* Debug */,
				85E5E899290809E600FF5DA4 /* Release */,
			);
			defaultConfigurationIsVisible = 0;
			defaultConfigurationName = Release;
		};
/* End XCConfigurationList section */

/* Begin XCRemoteSwiftPackageReference section */
		8588484E290ACF5400C0F6B7 /* XCRemoteSwiftPackageReference "SnapKit" */ = {
			isa = XCRemoteSwiftPackageReference;
			repositoryURL = "https://github.com/SnapKit/SnapKit.git";
			requirement = {
				kind = upToNextMajorVersion;
				minimumVersion = 5.0.0;
			};
		};
		85E5E8A929081C6000FF5DA4 /* XCRemoteSwiftPackageReference "Alamofire" */ = {
			isa = XCRemoteSwiftPackageReference;
			repositoryURL = "https://github.com/Alamofire/Alamofire.git";
			requirement = {
				kind = upToNextMajorVersion;
				minimumVersion = 5.0.0;
			};
		};
		85E5E8B22908237100FF5DA4 /* XCRemoteSwiftPackageReference "RxSwift" */ = {
			isa = XCRemoteSwiftPackageReference;
			repositoryURL = "https://github.com/ReactiveX/RxSwift.git";
			requirement = {
				kind = upToNextMajorVersion;
				minimumVersion = 6.0.0;
			};
		};
/* End XCRemoteSwiftPackageReference section */

/* Begin XCSwiftPackageProductDependency section */
		8588484F290ACF5400C0F6B7 /* SnapKit */ = {
			isa = XCSwiftPackageProductDependency;
			package = 8588484E290ACF5400C0F6B7 /* XCRemoteSwiftPackageReference "SnapKit" */;
			productName = SnapKit;
		};
		85E5E8AA29081C6000FF5DA4 /* Alamofire */ = {
			isa = XCSwiftPackageProductDependency;
			package = 85E5E8A929081C6000FF5DA4 /* XCRemoteSwiftPackageReference "Alamofire" */;
			productName = Alamofire;
		};
		85E5E8B32908237100FF5DA4 /* RxCocoa */ = {
			isa = XCSwiftPackageProductDependency;
			package = 85E5E8B22908237100FF5DA4 /* XCRemoteSwiftPackageReference "RxSwift" */;
			productName = RxCocoa;
		};
		85E5E8B52908237100FF5DA4 /* RxSwift */ = {
			isa = XCSwiftPackageProductDependency;
			package = 85E5E8B22908237100FF5DA4 /* XCRemoteSwiftPackageReference "RxSwift" */;
			productName = RxSwift;
		};
/* End XCSwiftPackageProductDependency section */
	};
	rootObject = 85E5E87B290809E500FF5DA4 /* Project object */;
}
